
Microsoft Visual Studio Solution File, Format Version 12.00
# Visual Studio 15
VisualStudioVersion = 15.0.26730.16
MinimumVisualStudioVersion = 10.0.40219.1
Project("{8BC9CEB8-8B4A-11D0-8D11-00A0C91BC942}") = "IoTHubRelayClient", "IoTHubRelayClient\IoTHubRelayClient.vcxproj", "{C5F80730-F44F-4478-BDAE-6634EFC2CA88}"
EndProject
Project("{8BC9CEB8-8B4A-11D0-8D11-00A0C91BC942}") = "MiniatureGate", "MiniatureGate\MiniatureGate.vcxproj", "{C09AA7C5-50D3-488A-8DBE-C6FA2458AFDA}"
EndProject
Project("{8BC9CEB8-8B4A-11D0-8D11-00A0C91BC942}") = "MinatureGateController", "MinatureGateController\MinatureGateController.vcxproj", "{5F14F8BB-D3F8-47E0-B3F3-B0775B84B549}"
EndProject
Project("{FAE04EC0-301F-11D3-BF4B-00C04F79EFBC}") = "GateControllerApp.Android", "GateControllerApp\GateControllerApp.Android\GateControllerApp.Android.csproj", "{0F61F69D-7309-401C-A845-57AC25E9E5A5}"
EndProject
Project("{FAE04EC0-301F-11D3-BF4B-00C04F79EFBC}") = "GateControllerApp.UWP", "GateControllerApp\GateControllerApp.UWP\GateControllerApp.UWP.csproj", "{234F4CB2-C4CA-4624-AA29-CAC7B4451201}"
EndProject
Project("{FAE04EC0-301F-11D3-BF4B-00C04F79EFBC}") = "GateControllerApp.iOS", "GateControllerApp\GateControllerApp.iOS\GateControllerApp.iOS.csproj", "{F50F7A8B-DFC3-421D-8884-A76CF69926C5}"
EndProject
Project("{9A19103F-16F7-4668-BE54-9A1E7A4F7556}") = "GateControllerApp", "GateControllerApp\GateControllerApp\GateControllerApp.csproj", "{9AA6477D-49DE-44CB-9E28-DBD6EC9BB909}"
EndProject
Global
	GlobalSection(SolutionConfigurationPlatforms) = preSolution
		Ad-Hoc|Any CPU = Ad-Hoc|Any CPU
		Ad-Hoc|ARM = Ad-Hoc|ARM
		Ad-Hoc|iPhone = Ad-Hoc|iPhone
		Ad-Hoc|iPhoneSimulator = Ad-Hoc|iPhoneSimulator
		Ad-Hoc|x64 = Ad-Hoc|x64
		Ad-Hoc|x86 = Ad-Hoc|x86
		AppStore|Any CPU = AppStore|Any CPU
		AppStore|ARM = AppStore|ARM
		AppStore|iPhone = AppStore|iPhone
		AppStore|iPhoneSimulator = AppStore|iPhoneSimulator
		AppStore|x64 = AppStore|x64
		AppStore|x86 = AppStore|x86
		Debug|Any CPU = Debug|Any CPU
		Debug|ARM = Debug|ARM
		Debug|iPhone = Debug|iPhone
		Debug|iPhoneSimulator = Debug|iPhoneSimulator
		Debug|x64 = Debug|x64
		Debug|x86 = Debug|x86
		Release|Any CPU = Release|Any CPU
		Release|ARM = Release|ARM
		Release|iPhone = Release|iPhone
		Release|iPhoneSimulator = Release|iPhoneSimulator
		Release|x64 = Release|x64
		Release|x86 = Release|x86
	EndGlobalSection
	GlobalSection(ProjectConfigurationPlatforms) = postSolution
		{C5F80730-F44F-4478-BDAE-6634EFC2CA88}.Ad-Hoc|Any CPU.ActiveCfg = Release|Win32
		{C5F80730-F44F-4478-BDAE-6634EFC2CA88}.Ad-Hoc|Any CPU.Build.0 = Release|Win32
		{C5F80730-F44F-4478-BDAE-6634EFC2CA88}.Ad-Hoc|ARM.ActiveCfg = Release|Win32
		{C5F80730-F44F-4478-BDAE-6634EFC2CA88}.Ad-Hoc|ARM.Build.0 = Release|Win32
		{C5F80730-F44F-4478-BDAE-6634EFC2CA88}.Ad-Hoc|iPhone.ActiveCfg = Release|Win32
		{C5F80730-F44F-4478-BDAE-6634EFC2CA88}.Ad-Hoc|iPhone.Build.0 = Release|Win32
		{C5F80730-F44F-4478-BDAE-6634EFC2CA88}.Ad-Hoc|iPhoneSimulator.ActiveCfg = Release|Win32
		{C5F80730-F44F-4478-BDAE-6634EFC2CA88}.Ad-Hoc|iPhoneSimulator.Build.0 = Release|Win32
		{C5F80730-F44F-4478-BDAE-6634EFC2CA88}.Ad-Hoc|x64.ActiveCfg = Release|Win32
		{C5F80730-F44F-4478-BDAE-6634EFC2CA88}.Ad-Hoc|x64.Build.0 = Release|Win32
		{C5F80730-F44F-4478-BDAE-6634EFC2CA88}.Ad-Hoc|x86.ActiveCfg = Release|Win32
		{C5F80730-F44F-4478-BDAE-6634EFC2CA88}.Ad-Hoc|x86.Build.0 = Release|Win32
		{C5F80730-F44F-4478-BDAE-6634EFC2CA88}.AppStore|Any CPU.ActiveCfg = Release|Win32
		{C5F80730-F44F-4478-BDAE-6634EFC2CA88}.AppStore|Any CPU.Build.0 = Release|Win32
		{C5F80730-F44F-4478-BDAE-6634EFC2CA88}.AppStore|ARM.ActiveCfg = Release|Win32
		{C5F80730-F44F-4478-BDAE-6634EFC2CA88}.AppStore|ARM.Build.0 = Release|Win32
		{C5F80730-F44F-4478-BDAE-6634EFC2CA88}.AppStore|iPhone.ActiveCfg = Release|Win32
		{C5F80730-F44F-4478-BDAE-6634EFC2CA88}.AppStore|iPhone.Build.0 = Release|Win32
		{C5F80730-F44F-4478-BDAE-6634EFC2CA88}.AppStore|iPhoneSimulator.ActiveCfg = Release|Win32
		{C5F80730-F44F-4478-BDAE-6634EFC2CA88}.AppStore|iPhoneSimulator.Build.0 = Release|Win32
		{C5F80730-F44F-4478-BDAE-6634EFC2CA88}.AppStore|x64.ActiveCfg = Release|Win32
		{C5F80730-F44F-4478-BDAE-6634EFC2CA88}.AppStore|x64.Build.0 = Release|Win32
		{C5F80730-F44F-4478-BDAE-6634EFC2CA88}.AppStore|x86.ActiveCfg = Release|Win32
		{C5F80730-F44F-4478-BDAE-6634EFC2CA88}.AppStore|x86.Build.0 = Release|Win32
		{C5F80730-F44F-4478-BDAE-6634EFC2CA88}.Debug|Any CPU.ActiveCfg = Debug|Win32
		{C5F80730-F44F-4478-BDAE-6634EFC2CA88}.Debug|ARM.ActiveCfg = Debug|Win32
		{C5F80730-F44F-4478-BDAE-6634EFC2CA88}.Debug|iPhone.ActiveCfg = Debug|Win32
		{C5F80730-F44F-4478-BDAE-6634EFC2CA88}.Debug|iPhoneSimulator.ActiveCfg = Debug|Win32
		{C5F80730-F44F-4478-BDAE-6634EFC2CA88}.Debug|x64.ActiveCfg = Debug|Win32
		{C5F80730-F44F-4478-BDAE-6634EFC2CA88}.Debug|x86.ActiveCfg = Debug|Win32
		{C5F80730-F44F-4478-BDAE-6634EFC2CA88}.Debug|x86.Build.0 = Debug|Win32
		{C5F80730-F44F-4478-BDAE-6634EFC2CA88}.Release|Any CPU.ActiveCfg = Release|Win32
		{C5F80730-F44F-4478-BDAE-6634EFC2CA88}.Release|ARM.ActiveCfg = Release|Win32
		{C5F80730-F44F-4478-BDAE-6634EFC2CA88}.Release|iPhone.ActiveCfg = Release|Win32
		{C5F80730-F44F-4478-BDAE-6634EFC2CA88}.Release|iPhoneSimulator.ActiveCfg = Release|Win32
		{C5F80730-F44F-4478-BDAE-6634EFC2CA88}.Release|x64.ActiveCfg = Release|Win32
		{C5F80730-F44F-4478-BDAE-6634EFC2CA88}.Release|x86.ActiveCfg = Release|Win32
		{C5F80730-F44F-4478-BDAE-6634EFC2CA88}.Release|x86.Build.0 = Release|Win32
		{C09AA7C5-50D3-488A-8DBE-C6FA2458AFDA}.Ad-Hoc|Any CPU.ActiveCfg = Release|Win32
		{C09AA7C5-50D3-488A-8DBE-C6FA2458AFDA}.Ad-Hoc|Any CPU.Build.0 = Release|Win32
		{C09AA7C5-50D3-488A-8DBE-C6FA2458AFDA}.Ad-Hoc|ARM.ActiveCfg = Release|Win32
		{C09AA7C5-50D3-488A-8DBE-C6FA2458AFDA}.Ad-Hoc|ARM.Build.0 = Release|Win32
		{C09AA7C5-50D3-488A-8DBE-C6FA2458AFDA}.Ad-Hoc|iPhone.ActiveCfg = Release|Win32
		{C09AA7C5-50D3-488A-8DBE-C6FA2458AFDA}.Ad-Hoc|iPhone.Build.0 = Release|Win32
		{C09AA7C5-50D3-488A-8DBE-C6FA2458AFDA}.Ad-Hoc|iPhoneSimulator.ActiveCfg = Release|Win32
		{C09AA7C5-50D3-488A-8DBE-C6FA2458AFDA}.Ad-Hoc|iPhoneSimulator.Build.0 = Release|Win32
		{C09AA7C5-50D3-488A-8DBE-C6FA2458AFDA}.Ad-Hoc|x64.ActiveCfg = Release|Win32
		{C09AA7C5-50D3-488A-8DBE-C6FA2458AFDA}.Ad-Hoc|x64.Build.0 = Release|Win32
		{C09AA7C5-50D3-488A-8DBE-C6FA2458AFDA}.Ad-Hoc|x86.ActiveCfg = Release|Win32
		{C09AA7C5-50D3-488A-8DBE-C6FA2458AFDA}.Ad-Hoc|x86.Build.0 = Release|Win32
		{C09AA7C5-50D3-488A-8DBE-C6FA2458AFDA}.AppStore|Any CPU.ActiveCfg = Release|Win32
		{C09AA7C5-50D3-488A-8DBE-C6FA2458AFDA}.AppStore|Any CPU.Build.0 = Release|Win32
		{C09AA7C5-50D3-488A-8DBE-C6FA2458AFDA}.AppStore|ARM.ActiveCfg = Release|Win32
		{C09AA7C5-50D3-488A-8DBE-C6FA2458AFDA}.AppStore|ARM.Build.0 = Release|Win32
		{C09AA7C5-50D3-488A-8DBE-C6FA2458AFDA}.AppStore|iPhone.ActiveCfg = Release|Win32
		{C09AA7C5-50D3-488A-8DBE-C6FA2458AFDA}.AppStore|iPhone.Build.0 = Release|Win32
		{C09AA7C5-50D3-488A-8DBE-C6FA2458AFDA}.AppStore|iPhoneSimulator.ActiveCfg = Release|Win32
		{C09AA7C5-50D3-488A-8DBE-C6FA2458AFDA}.AppStore|iPhoneSimulator.Build.0 = Release|Win32
		{C09AA7C5-50D3-488A-8DBE-C6FA2458AFDA}.AppStore|x64.ActiveCfg = Release|Win32
		{C09AA7C5-50D3-488A-8DBE-C6FA2458AFDA}.AppStore|x64.Build.0 = Release|Win32
		{C09AA7C5-50D3-488A-8DBE-C6FA2458AFDA}.AppStore|x86.ActiveCfg = Release|Win32
		{C09AA7C5-50D3-488A-8DBE-C6FA2458AFDA}.AppStore|x86.Build.0 = Release|Win32
		{C09AA7C5-50D3-488A-8DBE-C6FA2458AFDA}.Debug|Any CPU.ActiveCfg = Debug|Win32
		{C09AA7C5-50D3-488A-8DBE-C6FA2458AFDA}.Debug|ARM.ActiveCfg = Debug|Win32
		{C09AA7C5-50D3-488A-8DBE-C6FA2458AFDA}.Debug|iPhone.ActiveCfg = Debug|Win32
		{C09AA7C5-50D3-488A-8DBE-C6FA2458AFDA}.Debug|iPhoneSimulator.ActiveCfg = Debug|Win32
		{C09AA7C5-50D3-488A-8DBE-C6FA2458AFDA}.Debug|x64.ActiveCfg = Debug|Win32
		{C09AA7C5-50D3-488A-8DBE-C6FA2458AFDA}.Debug|x86.ActiveCfg = Debug|Win32
		{C09AA7C5-50D3-488A-8DBE-C6FA2458AFDA}.Debug|x86.Build.0 = Debug|Win32
		{C09AA7C5-50D3-488A-8DBE-C6FA2458AFDA}.Release|Any CPU.ActiveCfg = Release|Win32
		{C09AA7C5-50D3-488A-8DBE-C6FA2458AFDA}.Release|ARM.ActiveCfg = Release|Win32
		{C09AA7C5-50D3-488A-8DBE-C6FA2458AFDA}.Release|iPhone.ActiveCfg = Release|Win32
		{C09AA7C5-50D3-488A-8DBE-C6FA2458AFDA}.Release|iPhoneSimulator.ActiveCfg = Release|Win32
		{C09AA7C5-50D3-488A-8DBE-C6FA2458AFDA}.Release|x64.ActiveCfg = Release|Win32
		{C09AA7C5-50D3-488A-8DBE-C6FA2458AFDA}.Release|x86.ActiveCfg = Release|Win32
		{C09AA7C5-50D3-488A-8DBE-C6FA2458AFDA}.Release|x86.Build.0 = Release|Win32
		{5F14F8BB-D3F8-47E0-B3F3-B0775B84B549}.Ad-Hoc|Any CPU.ActiveCfg = Debug|Win32
		{5F14F8BB-D3F8-47E0-B3F3-B0775B84B549}.Ad-Hoc|Any CPU.Build.0 = Debug|Win32
		{5F14F8BB-D3F8-47E0-B3F3-B0775B84B549}.Ad-Hoc|ARM.ActiveCfg = Debug|Win32
		{5F14F8BB-D3F8-47E0-B3F3-B0775B84B549}.Ad-Hoc|ARM.Build.0 = Debug|Win32
		{5F14F8BB-D3F8-47E0-B3F3-B0775B84B549}.Ad-Hoc|iPhone.ActiveCfg = Debug|Win32
		{5F14F8BB-D3F8-47E0-B3F3-B0775B84B549}.Ad-Hoc|iPhone.Build.0 = Debug|Win32
		{5F14F8BB-D3F8-47E0-B3F3-B0775B84B549}.Ad-Hoc|iPhoneSimulator.ActiveCfg = Debug|Win32
		{5F14F8BB-D3F8-47E0-B3F3-B0775B84B549}.Ad-Hoc|iPhoneSimulator.Build.0 = Debug|Win32
		{5F14F8BB-D3F8-47E0-B3F3-B0775B84B549}.Ad-Hoc|x64.ActiveCfg = Debug|Win32
		{5F14F8BB-D3F8-47E0-B3F3-B0775B84B549}.Ad-Hoc|x64.Build.0 = Debug|Win32
		{5F14F8BB-D3F8-47E0-B3F3-B0775B84B549}.Ad-Hoc|x86.ActiveCfg = Debug|Win32
		{5F14F8BB-D3F8-47E0-B3F3-B0775B84B549}.Ad-Hoc|x86.Build.0 = Debug|Win32
		{5F14F8BB-D3F8-47E0-B3F3-B0775B84B549}.AppStore|Any CPU.ActiveCfg = Debug|Win32
		{5F14F8BB-D3F8-47E0-B3F3-B0775B84B549}.AppStore|Any CPU.Build.0 = Debug|Win32
		{5F14F8BB-D3F8-47E0-B3F3-B0775B84B549}.AppStore|ARM.ActiveCfg = Debug|Win32
		{5F14F8BB-D3F8-47E0-B3F3-B0775B84B549}.AppStore|ARM.Build.0 = Debug|Win32
		{5F14F8BB-D3F8-47E0-B3F3-B0775B84B549}.AppStore|iPhone.ActiveCfg = Debug|Win32
		{5F14F8BB-D3F8-47E0-B3F3-B0775B84B549}.AppStore|iPhone.Build.0 = Debug|Win32
		{5F14F8BB-D3F8-47E0-B3F3-B0775B84B549}.AppStore|iPhoneSimulator.ActiveCfg = Debug|Win32
		{5F14F8BB-D3F8-47E0-B3F3-B0775B84B549}.AppStore|iPhoneSimulator.Build.0 = Debug|Win32
		{5F14F8BB-D3F8-47E0-B3F3-B0775B84B549}.AppStore|x64.ActiveCfg = Debug|Win32
		{5F14F8BB-D3F8-47E0-B3F3-B0775B84B549}.AppStore|x64.Build.0 = Debug|Win32
		{5F14F8BB-D3F8-47E0-B3F3-B0775B84B549}.AppStore|x86.ActiveCfg = Debug|Win32
		{5F14F8BB-D3F8-47E0-B3F3-B0775B84B549}.AppStore|x86.Build.0 = Debug|Win32
		{5F14F8BB-D3F8-47E0-B3F3-B0775B84B549}.Debug|Any CPU.ActiveCfg = Debug|Win32
		{5F14F8BB-D3F8-47E0-B3F3-B0775B84B549}.Debug|ARM.ActiveCfg = Debug|Win32
		{5F14F8BB-D3F8-47E0-B3F3-B0775B84B549}.Debug|iPhone.ActiveCfg = Debug|Win32
		{5F14F8BB-D3F8-47E0-B3F3-B0775B84B549}.Debug|iPhoneSimulator.ActiveCfg = Debug|Win32
		{5F14F8BB-D3F8-47E0-B3F3-B0775B84B549}.Debug|x64.ActiveCfg = Debug|Win32
		{5F14F8BB-D3F8-47E0-B3F3-B0775B84B549}.Debug|x86.ActiveCfg = Debug|Win32
		{5F14F8BB-D3F8-47E0-B3F3-B0775B84B549}.Debug|x86.Build.0 = Debug|Win32
		{5F14F8BB-D3F8-47E0-B3F3-B0775B84B549}.Release|Any CPU.ActiveCfg = Release|Win32
		{5F14F8BB-D3F8-47E0-B3F3-B0775B84B549}.Release|ARM.ActiveCfg = Release|Win32
		{5F14F8BB-D3F8-47E0-B3F3-B0775B84B549}.Release|iPhone.ActiveCfg = Release|Win32
		{5F14F8BB-D3F8-47E0-B3F3-B0775B84B549}.Release|iPhoneSimulator.ActiveCfg = Release|Win32
		{5F14F8BB-D3F8-47E0-B3F3-B0775B84B549}.Release|x64.ActiveCfg = Release|Win32
		{5F14F8BB-D3F8-47E0-B3F3-B0775B84B549}.Release|x86.ActiveCfg = Release|Win32
		{5F14F8BB-D3F8-47E0-B3F3-B0775B84B549}.Release|x86.Build.0 = Release|Win32
		{0F61F69D-7309-401C-A845-57AC25E9E5A5}.Ad-Hoc|Any CPU.ActiveCfg = Release|Any CPU
		{0F61F69D-7309-401C-A845-57AC25E9E5A5}.Ad-Hoc|Any CPU.Build.0 = Release|Any CPU
		{0F61F69D-7309-401C-A845-57AC25E9E5A5}.Ad-Hoc|Any CPU.Deploy.0 = Release|Any CPU
		{0F61F69D-7309-401C-A845-57AC25E9E5A5}.Ad-Hoc|ARM.ActiveCfg = Release|Any CPU
		{0F61F69D-7309-401C-A845-57AC25E9E5A5}.Ad-Hoc|ARM.Build.0 = Release|Any CPU
		{0F61F69D-7309-401C-A845-57AC25E9E5A5}.Ad-Hoc|ARM.Deploy.0 = Release|Any CPU
		{0F61F69D-7309-401C-A845-57AC25E9E5A5}.Ad-Hoc|iPhone.ActiveCfg = Release|Any CPU
		{0F61F69D-7309-401C-A845-57AC25E9E5A5}.Ad-Hoc|iPhone.Build.0 = Release|Any CPU
		{0F61F69D-7309-401C-A845-57AC25E9E5A5}.Ad-Hoc|iPhone.Deploy.0 = Release|Any CPU
		{0F61F69D-7309-401C-A845-57AC25E9E5A5}.Ad-Hoc|iPhoneSimulator.ActiveCfg = Release|Any CPU
		{0F61F69D-7309-401C-A845-57AC25E9E5A5}.Ad-Hoc|iPhoneSimulator.Build.0 = Release|Any CPU
		{0F61F69D-7309-401C-A845-57AC25E9E5A5}.Ad-Hoc|iPhoneSimulator.Deploy.0 = Release|Any CPU
		{0F61F69D-7309-401C-A845-57AC25E9E5A5}.Ad-Hoc|x64.ActiveCfg = Release|Any CPU
		{0F61F69D-7309-401C-A845-57AC25E9E5A5}.Ad-Hoc|x64.Build.0 = Release|Any CPU
		{0F61F69D-7309-401C-A845-57AC25E9E5A5}.Ad-Hoc|x64.Deploy.0 = Release|Any CPU
		{0F61F69D-7309-401C-A845-57AC25E9E5A5}.Ad-Hoc|x86.ActiveCfg = Release|Any CPU
		{0F61F69D-7309-401C-A845-57AC25E9E5A5}.Ad-Hoc|x86.Build.0 = Release|Any CPU
		{0F61F69D-7309-401C-A845-57AC25E9E5A5}.Ad-Hoc|x86.Deploy.0 = Release|Any CPU
		{0F61F69D-7309-401C-A845-57AC25E9E5A5}.AppStore|Any CPU.ActiveCfg = Release|Any CPU
		{0F61F69D-7309-401C-A845-57AC25E9E5A5}.AppStore|Any CPU.Build.0 = Release|Any CPU
		{0F61F69D-7309-401C-A845-57AC25E9E5A5}.AppStore|Any CPU.Deploy.0 = Release|Any CPU
		{0F61F69D-7309-401C-A845-57AC25E9E5A5}.AppStore|ARM.ActiveCfg = Release|Any CPU
		{0F61F69D-7309-401C-A845-57AC25E9E5A5}.AppStore|ARM.Build.0 = Release|Any CPU
		{0F61F69D-7309-401C-A845-57AC25E9E5A5}.AppStore|ARM.Deploy.0 = Release|Any CPU
		{0F61F69D-7309-401C-A845-57AC25E9E5A5}.AppStore|iPhone.ActiveCfg = Release|Any CPU
		{0F61F69D-7309-401C-A845-57AC25E9E5A5}.AppStore|iPhone.Build.0 = Release|Any CPU
		{0F61F69D-7309-401C-A845-57AC25E9E5A5}.AppStore|iPhone.Deploy.0 = Release|Any CPU
		{0F61F69D-7309-401C-A845-57AC25E9E5A5}.AppStore|iPhoneSimulator.ActiveCfg = Release|Any CPU
		{0F61F69D-7309-401C-A845-57AC25E9E5A5}.AppStore|iPhoneSimulator.Build.0 = Release|Any CPU
		{0F61F69D-7309-401C-A845-57AC25E9E5A5}.AppStore|iPhoneSimulator.Deploy.0 = Release|Any CPU
		{0F61F69D-7309-401C-A845-57AC25E9E5A5}.AppStore|x64.ActiveCfg = Release|Any CPU
		{0F61F69D-7309-401C-A845-57AC25E9E5A5}.AppStore|x64.Build.0 = Release|Any CPU
		{0F61F69D-7309-401C-A845-57AC25E9E5A5}.AppStore|x64.Deploy.0 = Release|Any CPU
		{0F61F69D-7309-401C-A845-57AC25E9E5A5}.AppStore|x86.ActiveCfg = Release|Any CPU
		{0F61F69D-7309-401C-A845-57AC25E9E5A5}.AppStore|x86.Build.0 = Release|Any CPU
		{0F61F69D-7309-401C-A845-57AC25E9E5A5}.AppStore|x86.Deploy.0 = Release|Any CPU
		{0F61F69D-7309-401C-A845-57AC25E9E5A5}.Debug|Any CPU.ActiveCfg = Debug|Any CPU
		{0F61F69D-7309-401C-A845-57AC25E9E5A5}.Debug|Any CPU.Build.0 = Debug|Any CPU
		{0F61F69D-7309-401C-A845-57AC25E9E5A5}.Debug|Any CPU.Deploy.0 = Debug|Any CPU
		{0F61F69D-7309-401C-A845-57AC25E9E5A5}.Debug|ARM.ActiveCfg = Debug|Any CPU
		{0F61F69D-7309-401C-A845-57AC25E9E5A5}.Debug|ARM.Build.0 = Debug|Any CPU
		{0F61F69D-7309-401C-A845-57AC25E9E5A5}.Debug|ARM.Deploy.0 = Debug|Any CPU
		{0F61F69D-7309-401C-A845-57AC25E9E5A5}.Debug|iPhone.ActiveCfg = Debug|Any CPU
		{0F61F69D-7309-401C-A845-57AC25E9E5A5}.Debug|iPhone.Build.0 = Debug|Any CPU
		{0F61F69D-7309-401C-A845-57AC25E9E5A5}.Debug|iPhone.Deploy.0 = Debug|Any CPU
		{0F61F69D-7309-401C-A845-57AC25E9E5A5}.Debug|iPhoneSimulator.ActiveCfg = Debug|Any CPU
		{0F61F69D-7309-401C-A845-57AC25E9E5A5}.Debug|iPhoneSimulator.Build.0 = Debug|Any CPU
		{0F61F69D-7309-401C-A845-57AC25E9E5A5}.Debug|iPhoneSimulator.Deploy.0 = Debug|Any CPU
		{0F61F69D-7309-401C-A845-57AC25E9E5A5}.Debug|x64.ActiveCfg = Debug|Any CPU
		{0F61F69D-7309-401C-A845-57AC25E9E5A5}.Debug|x64.Build.0 = Debug|Any CPU
		{0F61F69D-7309-401C-A845-57AC25E9E5A5}.Debug|x64.Deploy.0 = Debug|Any CPU
		{0F61F69D-7309-401C-A845-57AC25E9E5A5}.Debug|x86.ActiveCfg = Debug|Any CPU
		{0F61F69D-7309-401C-A845-57AC25E9E5A5}.Debug|x86.Build.0 = Debug|Any CPU
		{0F61F69D-7309-401C-A845-57AC25E9E5A5}.Debug|x86.Deploy.0 = Debug|Any CPU
		{0F61F69D-7309-401C-A845-57AC25E9E5A5}.Release|Any CPU.ActiveCfg = Release|Any CPU
		{0F61F69D-7309-401C-A845-57AC25E9E5A5}.Release|Any CPU.Build.0 = Release|Any CPU
		{0F61F69D-7309-401C-A845-57AC25E9E5A5}.Release|Any CPU.Deploy.0 = Release|Any CPU
		{0F61F69D-7309-401C-A845-57AC25E9E5A5}.Release|ARM.ActiveCfg = Release|Any CPU
		{0F61F69D-7309-401C-A845-57AC25E9E5A5}.Release|ARM.Build.0 = Release|Any CPU
		{0F61F69D-7309-401C-A845-57AC25E9E5A5}.Release|ARM.Deploy.0 = Release|Any CPU
		{0F61F69D-7309-401C-A845-57AC25E9E5A5}.Release|iPhone.ActiveCfg = Release|Any CPU
		{0F61F69D-7309-401C-A845-57AC25E9E5A5}.Release|iPhone.Build.0 = Release|Any CPU
		{0F61F69D-7309-401C-A845-57AC25E9E5A5}.Release|iPhone.Deploy.0 = Release|Any CPU
		{0F61F69D-7309-401C-A845-57AC25E9E5A5}.Release|iPhoneSimulator.ActiveCfg = Release|Any CPU
		{0F61F69D-7309-401C-A845-57AC25E9E5A5}.Release|iPhoneSimulator.Build.0 = Release|Any CPU
		{0F61F69D-7309-401C-A845-57AC25E9E5A5}.Release|iPhoneSimulator.Deploy.0 = Release|Any CPU
		{0F61F69D-7309-401C-A845-57AC25E9E5A5}.Release|x64.ActiveCfg = Release|Any CPU
		{0F61F69D-7309-401C-A845-57AC25E9E5A5}.Release|x64.Build.0 = Release|Any CPU
		{0F61F69D-7309-401C-A845-57AC25E9E5A5}.Release|x64.Deploy.0 = Release|Any CPU
		{0F61F69D-7309-401C-A845-57AC25E9E5A5}.Release|x86.ActiveCfg = Release|Any CPU
		{0F61F69D-7309-401C-A845-57AC25E9E5A5}.Release|x86.Build.0 = Release|Any CPU
		{0F61F69D-7309-401C-A845-57AC25E9E5A5}.Release|x86.Deploy.0 = Release|Any CPU
		{234F4CB2-C4CA-4624-AA29-CAC7B4451201}.Ad-Hoc|Any CPU.ActiveCfg = Release|x86
		{234F4CB2-C4CA-4624-AA29-CAC7B4451201}.Ad-Hoc|Any CPU.Build.0 = Release|x86
		{234F4CB2-C4CA-4624-AA29-CAC7B4451201}.Ad-Hoc|Any CPU.Deploy.0 = Release|x86
		{234F4CB2-C4CA-4624-AA29-CAC7B4451201}.Ad-Hoc|ARM.ActiveCfg = Release|ARM
		{234F4CB2-C4CA-4624-AA29-CAC7B4451201}.Ad-Hoc|ARM.Build.0 = Release|ARM
		{234F4CB2-C4CA-4624-AA29-CAC7B4451201}.Ad-Hoc|ARM.Deploy.0 = Release|ARM
		{234F4CB2-C4CA-4624-AA29-CAC7B4451201}.Ad-Hoc|iPhone.ActiveCfg = Release|x86
		{234F4CB2-C4CA-4624-AA29-CAC7B4451201}.Ad-Hoc|iPhone.Build.0 = Release|x86
		{234F4CB2-C4CA-4624-AA29-CAC7B4451201}.Ad-Hoc|iPhone.Deploy.0 = Release|x86
		{234F4CB2-C4CA-4624-AA29-CAC7B4451201}.Ad-Hoc|iPhoneSimulator.ActiveCfg = Release|x86
		{234F4CB2-C4CA-4624-AA29-CAC7B4451201}.Ad-Hoc|iPhoneSimulator.Build.0 = Release|x86
		{234F4CB2-C4CA-4624-AA29-CAC7B4451201}.Ad-Hoc|iPhoneSimulator.Deploy.0 = Release|x86
		{234F4CB2-C4CA-4624-AA29-CAC7B4451201}.Ad-Hoc|x64.ActiveCfg = Release|x64
		{234F4CB2-C4CA-4624-AA29-CAC7B4451201}.Ad-Hoc|x64.Build.0 = Release|x64
		{234F4CB2-C4CA-4624-AA29-CAC7B4451201}.Ad-Hoc|x64.Deploy.0 = Release|x64
		{234F4CB2-C4CA-4624-AA29-CAC7B4451201}.Ad-Hoc|x86.ActiveCfg = Release|x86
		{234F4CB2-C4CA-4624-AA29-CAC7B4451201}.Ad-Hoc|x86.Build.0 = Release|x86
		{234F4CB2-C4CA-4624-AA29-CAC7B4451201}.Ad-Hoc|x86.Deploy.0 = Release|x86
		{234F4CB2-C4CA-4624-AA29-CAC7B4451201}.AppStore|Any CPU.ActiveCfg = Release|x86
		{234F4CB2-C4CA-4624-AA29-CAC7B4451201}.AppStore|Any CPU.Build.0 = Release|x86
		{234F4CB2-C4CA-4624-AA29-CAC7B4451201}.AppStore|Any CPU.Deploy.0 = Release|x86
		{234F4CB2-C4CA-4624-AA29-CAC7B4451201}.AppStore|ARM.ActiveCfg = Release|ARM
		{234F4CB2-C4CA-4624-AA29-CAC7B4451201}.AppStore|ARM.Build.0 = Release|ARM
		{234F4CB2-C4CA-4624-AA29-CAC7B4451201}.AppStore|ARM.Deploy.0 = Release|ARM
		{234F4CB2-C4CA-4624-AA29-CAC7B4451201}.AppStore|iPhone.ActiveCfg = Release|x86
		{234F4CB2-C4CA-4624-AA29-CAC7B4451201}.AppStore|iPhone.Build.0 = Release|x86
		{234F4CB2-C4CA-4624-AA29-CAC7B4451201}.AppStore|iPhone.Deploy.0 = Release|x86
		{234F4CB2-C4CA-4624-AA29-CAC7B4451201}.AppStore|iPhoneSimulator.ActiveCfg = Release|x86
		{234F4CB2-C4CA-4624-AA29-CAC7B4451201}.AppStore|iPhoneSimulator.Build.0 = Release|x86
		{234F4CB2-C4CA-4624-AA29-CAC7B4451201}.AppStore|iPhoneSimulator.Deploy.0 = Release|x86
		{234F4CB2-C4CA-4624-AA29-CAC7B4451201}.AppStore|x64.ActiveCfg = Release|x64
		{234F4CB2-C4CA-4624-AA29-CAC7B4451201}.AppStore|x64.Build.0 = Release|x64
		{234F4CB2-C4CA-4624-AA29-CAC7B4451201}.AppStore|x64.Deploy.0 = Release|x64
		{234F4CB2-C4CA-4624-AA29-CAC7B4451201}.AppStore|x86.ActiveCfg = Release|x86
		{234F4CB2-C4CA-4624-AA29-CAC7B4451201}.AppStore|x86.Build.0 = Release|x86
		{234F4CB2-C4CA-4624-AA29-CAC7B4451201}.AppStore|x86.Deploy.0 = Release|x86
		{234F4CB2-C4CA-4624-AA29-CAC7B4451201}.Debug|Any CPU.ActiveCfg = Debug|x86
		{234F4CB2-C4CA-4624-AA29-CAC7B4451201}.Debug|ARM.ActiveCfg = Debug|ARM
		{234F4CB2-C4CA-4624-AA29-CAC7B4451201}.Debug|ARM.Build.0 = Debug|ARM
		{234F4CB2-C4CA-4624-AA29-CAC7B4451201}.Debug|ARM.Deploy.0 = Debug|ARM
		{234F4CB2-C4CA-4624-AA29-CAC7B4451201}.Debug|iPhone.ActiveCfg = Debug|x86
		{234F4CB2-C4CA-4624-AA29-CAC7B4451201}.Debug|iPhoneSimulator.ActiveCfg = Debug|x86
		{234F4CB2-C4CA-4624-AA29-CAC7B4451201}.Debug|x64.ActiveCfg = Debug|x64
		{234F4CB2-C4CA-4624-AA29-CAC7B4451201}.Debug|x64.Build.0 = Debug|x64
		{234F4CB2-C4CA-4624-AA29-CAC7B4451201}.Debug|x64.Deploy.0 = Debug|x64
		{234F4CB2-C4CA-4624-AA29-CAC7B4451201}.Debug|x86.ActiveCfg = Debug|x86
		{234F4CB2-C4CA-4624-AA29-CAC7B4451201}.Debug|x86.Build.0 = Debug|x86
		{234F4CB2-C4CA-4624-AA29-CAC7B4451201}.Debug|x86.Deploy.0 = Debug|x86
		{234F4CB2-C4CA-4624-AA29-CAC7B4451201}.Release|Any CPU.ActiveCfg = Release|x86
		{234F4CB2-C4CA-4624-AA29-CAC7B4451201}.Release|ARM.ActiveCfg = Release|ARM
		{234F4CB2-C4CA-4624-AA29-CAC7B4451201}.Release|ARM.Build.0 = Release|ARM
		{234F4CB2-C4CA-4624-AA29-CAC7B4451201}.Release|ARM.Deploy.0 = Release|ARM
		{234F4CB2-C4CA-4624-AA29-CAC7B4451201}.Release|iPhone.ActiveCfg = Release|x86
		{234F4CB2-C4CA-4624-AA29-CAC7B4451201}.Release|iPhoneSimulator.ActiveCfg = Release|x86
		{234F4CB2-C4CA-4624-AA29-CAC7B4451201}.Release|x64.ActiveCfg = Release|x64
		{234F4CB2-C4CA-4624-AA29-CAC7B4451201}.Release|x64.Build.0 = Release|x64
		{234F4CB2-C4CA-4624-AA29-CAC7B4451201}.Release|x64.Deploy.0 = Release|x64
		{234F4CB2-C4CA-4624-AA29-CAC7B4451201}.Release|x86.ActiveCfg = Release|x86
		{234F4CB2-C4CA-4624-AA29-CAC7B4451201}.Release|x86.Build.0 = Release|x86
		{234F4CB2-C4CA-4624-AA29-CAC7B4451201}.Release|x86.Deploy.0 = Release|x86
		{F50F7A8B-DFC3-421D-8884-A76CF69926C5}.Ad-Hoc|Any CPU.ActiveCfg = Ad-Hoc|iPhone
		{F50F7A8B-DFC3-421D-8884-A76CF69926C5}.Ad-Hoc|ARM.ActiveCfg = Ad-Hoc|iPhone
		{F50F7A8B-DFC3-421D-8884-A76CF69926C5}.Ad-Hoc|iPhone.ActiveCfg = Ad-Hoc|iPhone
		{F50F7A8B-DFC3-421D-8884-A76CF69926C5}.Ad-Hoc|iPhone.Build.0 = Ad-Hoc|iPhone
		{F50F7A8B-DFC3-421D-8884-A76CF69926C5}.Ad-Hoc|iPhoneSimulator.ActiveCfg = Ad-Hoc|iPhoneSimulator
		{F50F7A8B-DFC3-421D-8884-A76CF69926C5}.Ad-Hoc|iPhoneSimulator.Build.0 = Ad-Hoc|iPhoneSimulator
		{F50F7A8B-DFC3-421D-8884-A76CF69926C5}.Ad-Hoc|x64.ActiveCfg = Ad-Hoc|iPhone
		{F50F7A8B-DFC3-421D-8884-A76CF69926C5}.Ad-Hoc|x86.ActiveCfg = Ad-Hoc|iPhone
		{F50F7A8B-DFC3-421D-8884-A76CF69926C5}.AppStore|Any CPU.ActiveCfg = AppStore|iPhone
		{F50F7A8B-DFC3-421D-8884-A76CF69926C5}.AppStore|ARM.ActiveCfg = AppStore|iPhone
		{F50F7A8B-DFC3-421D-8884-A76CF69926C5}.AppStore|iPhone.ActiveCfg = AppStore|iPhone
		{F50F7A8B-DFC3-421D-8884-A76CF69926C5}.AppStore|iPhone.Build.0 = AppStore|iPhone
		{F50F7A8B-DFC3-421D-8884-A76CF69926C5}.AppStore|iPhoneSimulator.ActiveCfg = AppStore|iPhoneSimulator
		{F50F7A8B-DFC3-421D-8884-A76CF69926C5}.AppStore|iPhoneSimulator.Build.0 = AppStore|iPhoneSimulator
		{F50F7A8B-DFC3-421D-8884-A76CF69926C5}.AppStore|x64.ActiveCfg = AppStore|iPhone
		{F50F7A8B-DFC3-421D-8884-A76CF69926C5}.AppStore|x86.ActiveCfg = AppStore|iPhone
		{F50F7A8B-DFC3-421D-8884-A76CF69926C5}.Debug|Any CPU.ActiveCfg = Debug|iPhone
		{F50F7A8B-DFC3-421D-8884-A76CF69926C5}.Debug|ARM.ActiveCfg = Debug|iPhone
		{F50F7A8B-DFC3-421D-8884-A76CF69926C5}.Debug|iPhone.ActiveCfg = Debug|iPhone
		{F50F7A8B-DFC3-421D-8884-A76CF69926C5}.Debug|iPhone.Build.0 = Debug|iPhone
		{F50F7A8B-DFC3-421D-8884-A76CF69926C5}.Debug|iPhoneSimulator.ActiveCfg = Debug|iPhoneSimulator
		{F50F7A8B-DFC3-421D-8884-A76CF69926C5}.Debug|iPhoneSimulator.Build.0 = Debug|iPhoneSimulator
		{F50F7A8B-DFC3-421D-8884-A76CF69926C5}.Debug|x64.ActiveCfg = Debug|iPhone
		{F50F7A8B-DFC3-421D-8884-A76CF69926C5}.Debug|x86.ActiveCfg = Debug|iPhone
		{F50F7A8B-DFC3-421D-8884-A76CF69926C5}.Release|Any CPU.ActiveCfg = Release|iPhone
		{F50F7A8B-DFC3-421D-8884-A76CF69926C5}.Release|ARM.ActiveCfg = Release|iPhone
		{F50F7A8B-DFC3-421D-8884-A76CF69926C5}.Release|iPhone.ActiveCfg = Release|iPhone
		{F50F7A8B-DFC3-421D-8884-A76CF69926C5}.Release|iPhone.Build.0 = Release|iPhone
		{F50F7A8B-DFC3-421D-8884-A76CF69926C5}.Release|iPhoneSimulator.ActiveCfg = Release|iPhoneSimulator
		{F50F7A8B-DFC3-421D-8884-A76CF69926C5}.Release|iPhoneSimulator.Build.0 = Release|iPhoneSimulator
		{F50F7A8B-DFC3-421D-8884-A76CF69926C5}.Release|x64.ActiveCfg = Release|iPhone
		{F50F7A8B-DFC3-421D-8884-A76CF69926C5}.Release|x86.ActiveCfg = Release|iPhone
		{9AA6477D-49DE-44CB-9E28-DBD6EC9BB909}.Ad-Hoc|Any CPU.ActiveCfg = Debug|Any CPU
		{9AA6477D-49DE-44CB-9E28-DBD6EC9BB909}.Ad-Hoc|Any CPU.Build.0 = Debug|Any CPU
		{9AA6477D-49DE-44CB-9E28-DBD6EC9BB909}.Ad-Hoc|ARM.ActiveCfg = Debug|Any CPU
		{9AA6477D-49DE-44CB-9E28-DBD6EC9BB909}.Ad-Hoc|ARM.Build.0 = Debug|Any CPU
		{9AA6477D-49DE-44CB-9E28-DBD6EC9BB909}.Ad-Hoc|iPhone.ActiveCfg = Debug|Any CPU
		{9AA6477D-49DE-44CB-9E28-DBD6EC9BB909}.Ad-Hoc|iPhone.Build.0 = Debug|Any CPU
		{9AA6477D-49DE-44CB-9E28-DBD6EC9BB909}.Ad-Hoc|iPhoneSimulator.ActiveCfg = Debug|Any CPU
		{9AA6477D-49DE-44CB-9E28-DBD6EC9BB909}.Ad-Hoc|iPhoneSimulator.Build.0 = Debug|Any CPU
		{9AA6477D-49DE-44CB-9E28-DBD6EC9BB909}.Ad-Hoc|x64.ActiveCfg = Debug|Any CPU
		{9AA6477D-49DE-44CB-9E28-DBD6EC9BB909}.Ad-Hoc|x64.Build.0 = Debug|Any CPU
		{9AA6477D-49DE-44CB-9E28-DBD6EC9BB909}.Ad-Hoc|x86.ActiveCfg = Debug|Any CPU
		{9AA6477D-49DE-44CB-9E28-DBD6EC9BB909}.Ad-Hoc|x86.Build.0 = Debug|Any CPU
		{9AA6477D-49DE-44CB-9E28-DBD6EC9BB909}.AppStore|Any CPU.ActiveCfg = Debug|Any CPU
		{9AA6477D-49DE-44CB-9E28-DBD6EC9BB909}.AppStore|Any CPU.Build.0 = Debug|Any CPU
		{9AA6477D-49DE-44CB-9E28-DBD6EC9BB909}.AppStore|ARM.ActiveCfg = Debug|Any CPU
		{9AA6477D-49DE-44CB-9E28-DBD6EC9BB909}.AppStore|ARM.Build.0 = Debug|Any CPU
		{9AA6477D-49DE-44CB-9E28-DBD6EC9BB909}.AppStore|iPhone.ActiveCfg = Debug|Any CPU
		{9AA6477D-49DE-44CB-9E28-DBD6EC9BB909}.AppStore|iPhone.Build.0 = Debug|Any CPU
		{9AA6477D-49DE-44CB-9E28-DBD6EC9BB909}.AppStore|iPhoneSimulator.ActiveCfg = Debug|Any CPU
		{9AA6477D-49DE-44CB-9E28-DBD6EC9BB909}.AppStore|iPhoneSimulator.Build.0 = Debug|Any CPU
		{9AA6477D-49DE-44CB-9E28-DBD6EC9BB909}.AppStore|x64.ActiveCfg = Debug|Any CPU
		{9AA6477D-49DE-44CB-9E28-DBD6EC9BB909}.AppStore|x64.Build.0 = Debug|Any CPU
		{9AA6477D-49DE-44CB-9E28-DBD6EC9BB909}.AppStore|x86.ActiveCfg = Debug|Any CPU
		{9AA6477D-49DE-44CB-9E28-DBD6EC9BB909}.AppStore|x86.Build.0 = Debug|Any CPU
		{9AA6477D-49DE-44CB-9E28-DBD6EC9BB909}.Debug|Any CPU.ActiveCfg = Debug|Any CPU
		{9AA6477D-49DE-44CB-9E28-DBD6EC9BB909}.Debug|Any CPU.Build.0 = Debug|Any CPU
		{9AA6477D-49DE-44CB-9E28-DBD6EC9BB909}.Debug|ARM.ActiveCfg = Debug|Any CPU
		{9AA6477D-49DE-44CB-9E28-DBD6EC9BB909}.Debug|ARM.Build.0 = Debug|Any CPU
		{9AA6477D-49DE-44CB-9E28-DBD6EC9BB909}.Debug|iPhone.ActiveCfg = Debug|Any CPU
		{9AA6477D-49DE-44CB-9E28-DBD6EC9BB909}.Debug|iPhone.Build.0 = Debug|Any CPU
		{9AA6477D-49DE-44CB-9E28-DBD6EC9BB909}.Debug|iPhoneSimulator.ActiveCfg = Debug|Any CPU
		{9AA6477D-49DE-44CB-9E28-DBD6EC9BB909}.Debug|iPhoneSimulator.Build.0 = Debug|Any CPU
		{9AA6477D-49DE-44CB-9E28-DBD6EC9BB909}.Debug|x64.ActiveCfg = Debug|Any CPU
		{9AA6477D-49DE-44CB-9E28-DBD6EC9BB909}.Debug|x64.Build.0 = Debug|Any CPU
		{9AA6477D-49DE-44CB-9E28-DBD6EC9BB909}.Debug|x86.ActiveCfg = Debug|Any CPU
		{9AA6477D-49DE-44CB-9E28-DBD6EC9BB909}.Debug|x86.Build.0 = Debug|Any CPU
		{9AA6477D-49DE-44CB-9E28-DBD6EC9BB909}.Release|Any CPU.ActiveCfg = Release|Any CPU
		{9AA6477D-49DE-44CB-9E28-DBD6EC9BB909}.Release|Any CPU.Build.0 = Release|Any CPU
		{9AA6477D-49DE-44CB-9E28-DBD6EC9BB909}.Release|ARM.ActiveCfg = Release|Any CPU
		{9AA6477D-49DE-44CB-9E28-DBD6EC9BB909}.Release|ARM.Build.0 = Release|Any CPU
		{9AA6477D-49DE-44CB-9E28-DBD6EC9BB909}.Release|iPhone.ActiveCfg = Release|Any CPU
		{9AA6477D-49DE-44CB-9E28-DBD6EC9BB909}.Release|iPhone.Build.0 = Release|Any CPU
		{9AA6477D-49DE-44CB-9E28-DBD6EC9BB909}.Release|iPhoneSimulator.ActiveCfg = Release|Any CPU
		{9AA6477D-49DE-44CB-9E28-DBD6EC9BB909}.Release|iPhoneSimulator.Build.0 = Release|Any CPU
		{9AA6477D-49DE-44CB-9E28-DBD6EC9BB909}.Release|x64.ActiveCfg = Release|Any CPU
		{9AA6477D-49DE-44CB-9E28-DBD6EC9BB909}.Release|x64.Build.0 = Release|Any CPU
		{9AA6477D-49DE-44CB-9E28-DBD6EC9BB909}.Release|x86.ActiveCfg = Release|Any CPU
		{9AA6477D-49DE-44CB-9E28-DBD6EC9BB909}.Release|x86.Build.0 = Release|Any CPU
	EndGlobalSection
	GlobalSection(SolutionProperties) = preSolution
		HideSolutionNode = FALSE
	EndGlobalSection
	GlobalSection(ExtensibilityGlobals) = postSolution
		SolutionGuid = {3DED7E19-B72C-44E4-8EC2-677991CC9F8C}
	EndGlobalSection
EndGlobal
