
Microsoft Visual Studio Solution File, Format Version 12.00
# Visual Studio 15
VisualStudioVersion = 15.0.26730.16
MinimumVisualStudioVersion = 10.0.40219.1
Project("{D954291E-2A0B-460D-934E-DC6B0785DB48}") = "BasicGateApp", "BasicGateApp\BasicGateApp\BasicGateApp.shproj", "{528F7B1C-275C-47BD-86BB-8080B68CA2EB}"
EndProject
Project("{FAE04EC0-301F-11D3-BF4B-00C04F79EFBC}") = "BasicGateApp.Android", "BasicGateApp\BasicGateApp.Android\BasicGateApp.Android.csproj", "{9C61C1D8-933F-48E4-82F2-1F4C0B1B1B7D}"
EndProject
Project("{FAE04EC0-301F-11D3-BF4B-00C04F79EFBC}") = "BasicGateApp.iOS", "BasicGateApp\BasicGateApp.iOS\BasicGateApp.iOS.csproj", "{30592983-7C8C-4B50-A8B4-E8E0B6535EA0}"
EndProject
Project("{FAE04EC0-301F-11D3-BF4B-00C04F79EFBC}") = "BasicGateApp.UWP", "BasicGateApp\BasicGateApp.UWP\BasicGateApp.UWP.csproj", "{4EDA9387-887E-453C-828B-A7567238A97F}"
EndProject
Project("{8BC9CEB8-8B4A-11D0-8D11-00A0C91BC942}") = "IoTHubRelayClient", "IoTHubRelayClient\IoTHubRelayClient.vcxproj", "{C5F80730-F44F-4478-BDAE-6634EFC2CA88}"
EndProject
Project("{8BC9CEB8-8B4A-11D0-8D11-00A0C91BC942}") = "MiniatureGate", "MiniatureGate\MiniatureGate.vcxproj", "{C09AA7C5-50D3-488A-8DBE-C6FA2458AFDA}"
EndProject
Project("{8BC9CEB8-8B4A-11D0-8D11-00A0C91BC942}") = "MinatureGateController", "MinatureGateController\MinatureGateController.vcxproj", "{5F14F8BB-D3F8-47E0-B3F3-B0775B84B549}"
EndProject
Global
	GlobalSection(SharedMSBuildProjectFiles) = preSolution
		BasicGateApp\BasicGateApp\BasicGateApp.projitems*{30592983-7c8c-4b50-a8b4-e8e0b6535ea0}*SharedItemsImports = 4
		BasicGateApp\BasicGateApp\BasicGateApp.projitems*{4eda9387-887e-453c-828b-a7567238a97f}*SharedItemsImports = 4
		BasicGateApp\BasicGateApp\BasicGateApp.projitems*{528f7b1c-275c-47bd-86bb-8080b68ca2eb}*SharedItemsImports = 13
		BasicGateApp\BasicGateApp\BasicGateApp.projitems*{9c61c1d8-933f-48e4-82f2-1f4c0b1b1b7d}*SharedItemsImports = 4
	EndGlobalSection
	GlobalSection(SolutionConfigurationPlatforms) = preSolution
		Ad-Hoc|Any CPU = Ad-Hoc|Any CPU
		Ad-Hoc|ARM = Ad-Hoc|ARM
		Ad-Hoc|iPhone = Ad-Hoc|iPhone
		Ad-Hoc|iPhoneSimulator = Ad-Hoc|iPhoneSimulator
		Ad-Hoc|x64 = Ad-Hoc|x64
		Ad-Hoc|x86 = Ad-Hoc|x86
		AppStore|Any CPU = AppStore|Any CPU
		AppStore|ARM = AppStore|ARM
		AppStore|iPhone = AppStore|iPhone
		AppStore|iPhoneSimulator = AppStore|iPhoneSimulator
		AppStore|x64 = AppStore|x64
		AppStore|x86 = AppStore|x86
		Debug|Any CPU = Debug|Any CPU
		Debug|ARM = Debug|ARM
		Debug|iPhone = Debug|iPhone
		Debug|iPhoneSimulator = Debug|iPhoneSimulator
		Debug|x64 = Debug|x64
		Debug|x86 = Debug|x86
		Release|Any CPU = Release|Any CPU
		Release|ARM = Release|ARM
		Release|iPhone = Release|iPhone
		Release|iPhoneSimulator = Release|iPhoneSimulator
		Release|x64 = Release|x64
		Release|x86 = Release|x86
	EndGlobalSection
	GlobalSection(ProjectConfigurationPlatforms) = postSolution
		{9C61C1D8-933F-48E4-82F2-1F4C0B1B1B7D}.Ad-Hoc|Any CPU.ActiveCfg = Release|Any CPU
		{9C61C1D8-933F-48E4-82F2-1F4C0B1B1B7D}.Ad-Hoc|Any CPU.Build.0 = Release|Any CPU
		{9C61C1D8-933F-48E4-82F2-1F4C0B1B1B7D}.Ad-Hoc|Any CPU.Deploy.0 = Release|Any CPU
		{9C61C1D8-933F-48E4-82F2-1F4C0B1B1B7D}.Ad-Hoc|ARM.ActiveCfg = Release|Any CPU
		{9C61C1D8-933F-48E4-82F2-1F4C0B1B1B7D}.Ad-Hoc|ARM.Build.0 = Release|Any CPU
		{9C61C1D8-933F-48E4-82F2-1F4C0B1B1B7D}.Ad-Hoc|ARM.Deploy.0 = Release|Any CPU
		{9C61C1D8-933F-48E4-82F2-1F4C0B1B1B7D}.Ad-Hoc|iPhone.ActiveCfg = Release|Any CPU
		{9C61C1D8-933F-48E4-82F2-1F4C0B1B1B7D}.Ad-Hoc|iPhone.Build.0 = Release|Any CPU
		{9C61C1D8-933F-48E4-82F2-1F4C0B1B1B7D}.Ad-Hoc|iPhone.Deploy.0 = Release|Any CPU
		{9C61C1D8-933F-48E4-82F2-1F4C0B1B1B7D}.Ad-Hoc|iPhoneSimulator.ActiveCfg = Release|Any CPU
		{9C61C1D8-933F-48E4-82F2-1F4C0B1B1B7D}.Ad-Hoc|iPhoneSimulator.Build.0 = Release|Any CPU
		{9C61C1D8-933F-48E4-82F2-1F4C0B1B1B7D}.Ad-Hoc|iPhoneSimulator.Deploy.0 = Release|Any CPU
		{9C61C1D8-933F-48E4-82F2-1F4C0B1B1B7D}.Ad-Hoc|x64.ActiveCfg = Release|Any CPU
		{9C61C1D8-933F-48E4-82F2-1F4C0B1B1B7D}.Ad-Hoc|x64.Build.0 = Release|Any CPU
		{9C61C1D8-933F-48E4-82F2-1F4C0B1B1B7D}.Ad-Hoc|x64.Deploy.0 = Release|Any CPU
		{9C61C1D8-933F-48E4-82F2-1F4C0B1B1B7D}.Ad-Hoc|x86.ActiveCfg = Release|Any CPU
		{9C61C1D8-933F-48E4-82F2-1F4C0B1B1B7D}.Ad-Hoc|x86.Build.0 = Release|Any CPU
		{9C61C1D8-933F-48E4-82F2-1F4C0B1B1B7D}.Ad-Hoc|x86.Deploy.0 = Release|Any CPU
		{9C61C1D8-933F-48E4-82F2-1F4C0B1B1B7D}.AppStore|Any CPU.ActiveCfg = Release|Any CPU
		{9C61C1D8-933F-48E4-82F2-1F4C0B1B1B7D}.AppStore|Any CPU.Build.0 = Release|Any CPU
		{9C61C1D8-933F-48E4-82F2-1F4C0B1B1B7D}.AppStore|Any CPU.Deploy.0 = Release|Any CPU
		{9C61C1D8-933F-48E4-82F2-1F4C0B1B1B7D}.AppStore|ARM.ActiveCfg = Release|Any CPU
		{9C61C1D8-933F-48E4-82F2-1F4C0B1B1B7D}.AppStore|ARM.Build.0 = Release|Any CPU
		{9C61C1D8-933F-48E4-82F2-1F4C0B1B1B7D}.AppStore|ARM.Deploy.0 = Release|Any CPU
		{9C61C1D8-933F-48E4-82F2-1F4C0B1B1B7D}.AppStore|iPhone.ActiveCfg = Release|Any CPU
		{9C61C1D8-933F-48E4-82F2-1F4C0B1B1B7D}.AppStore|iPhone.Build.0 = Release|Any CPU
		{9C61C1D8-933F-48E4-82F2-1F4C0B1B1B7D}.AppStore|iPhone.Deploy.0 = Release|Any CPU
		{9C61C1D8-933F-48E4-82F2-1F4C0B1B1B7D}.AppStore|iPhoneSimulator.ActiveCfg = Release|Any CPU
		{9C61C1D8-933F-48E4-82F2-1F4C0B1B1B7D}.AppStore|iPhoneSimulator.Build.0 = Release|Any CPU
		{9C61C1D8-933F-48E4-82F2-1F4C0B1B1B7D}.AppStore|iPhoneSimulator.Deploy.0 = Release|Any CPU
		{9C61C1D8-933F-48E4-82F2-1F4C0B1B1B7D}.AppStore|x64.ActiveCfg = Release|Any CPU
		{9C61C1D8-933F-48E4-82F2-1F4C0B1B1B7D}.AppStore|x64.Build.0 = Release|Any CPU
		{9C61C1D8-933F-48E4-82F2-1F4C0B1B1B7D}.AppStore|x64.Deploy.0 = Release|Any CPU
		{9C61C1D8-933F-48E4-82F2-1F4C0B1B1B7D}.AppStore|x86.ActiveCfg = Release|Any CPU
		{9C61C1D8-933F-48E4-82F2-1F4C0B1B1B7D}.AppStore|x86.Build.0 = Release|Any CPU
		{9C61C1D8-933F-48E4-82F2-1F4C0B1B1B7D}.AppStore|x86.Deploy.0 = Release|Any CPU
		{9C61C1D8-933F-48E4-82F2-1F4C0B1B1B7D}.Debug|Any CPU.ActiveCfg = Debug|Any CPU
		{9C61C1D8-933F-48E4-82F2-1F4C0B1B1B7D}.Debug|Any CPU.Build.0 = Debug|Any CPU
		{9C61C1D8-933F-48E4-82F2-1F4C0B1B1B7D}.Debug|Any CPU.Deploy.0 = Debug|Any CPU
		{9C61C1D8-933F-48E4-82F2-1F4C0B1B1B7D}.Debug|ARM.ActiveCfg = Debug|Any CPU
		{9C61C1D8-933F-48E4-82F2-1F4C0B1B1B7D}.Debug|ARM.Build.0 = Debug|Any CPU
		{9C61C1D8-933F-48E4-82F2-1F4C0B1B1B7D}.Debug|ARM.Deploy.0 = Debug|Any CPU
		{9C61C1D8-933F-48E4-82F2-1F4C0B1B1B7D}.Debug|iPhone.ActiveCfg = Debug|Any CPU
		{9C61C1D8-933F-48E4-82F2-1F4C0B1B1B7D}.Debug|iPhone.Build.0 = Debug|Any CPU
		{9C61C1D8-933F-48E4-82F2-1F4C0B1B1B7D}.Debug|iPhone.Deploy.0 = Debug|Any CPU
		{9C61C1D8-933F-48E4-82F2-1F4C0B1B1B7D}.Debug|iPhoneSimulator.ActiveCfg = Debug|Any CPU
		{9C61C1D8-933F-48E4-82F2-1F4C0B1B1B7D}.Debug|iPhoneSimulator.Build.0 = Debug|Any CPU
		{9C61C1D8-933F-48E4-82F2-1F4C0B1B1B7D}.Debug|iPhoneSimulator.Deploy.0 = Debug|Any CPU
		{9C61C1D8-933F-48E4-82F2-1F4C0B1B1B7D}.Debug|x64.ActiveCfg = Debug|Any CPU
		{9C61C1D8-933F-48E4-82F2-1F4C0B1B1B7D}.Debug|x64.Build.0 = Debug|Any CPU
		{9C61C1D8-933F-48E4-82F2-1F4C0B1B1B7D}.Debug|x64.Deploy.0 = Debug|Any CPU
		{9C61C1D8-933F-48E4-82F2-1F4C0B1B1B7D}.Debug|x86.ActiveCfg = Debug|Any CPU
		{9C61C1D8-933F-48E4-82F2-1F4C0B1B1B7D}.Debug|x86.Build.0 = Debug|Any CPU
		{9C61C1D8-933F-48E4-82F2-1F4C0B1B1B7D}.Debug|x86.Deploy.0 = Debug|Any CPU
		{9C61C1D8-933F-48E4-82F2-1F4C0B1B1B7D}.Release|Any CPU.ActiveCfg = Release|Any CPU
		{9C61C1D8-933F-48E4-82F2-1F4C0B1B1B7D}.Release|Any CPU.Build.0 = Release|Any CPU
		{9C61C1D8-933F-48E4-82F2-1F4C0B1B1B7D}.Release|Any CPU.Deploy.0 = Release|Any CPU
		{9C61C1D8-933F-48E4-82F2-1F4C0B1B1B7D}.Release|ARM.ActiveCfg = Release|Any CPU
		{9C61C1D8-933F-48E4-82F2-1F4C0B1B1B7D}.Release|ARM.Build.0 = Release|Any CPU
		{9C61C1D8-933F-48E4-82F2-1F4C0B1B1B7D}.Release|ARM.Deploy.0 = Release|Any CPU
		{9C61C1D8-933F-48E4-82F2-1F4C0B1B1B7D}.Release|iPhone.ActiveCfg = Release|Any CPU
		{9C61C1D8-933F-48E4-82F2-1F4C0B1B1B7D}.Release|iPhone.Build.0 = Release|Any CPU
		{9C61C1D8-933F-48E4-82F2-1F4C0B1B1B7D}.Release|iPhone.Deploy.0 = Release|Any CPU
		{9C61C1D8-933F-48E4-82F2-1F4C0B1B1B7D}.Release|iPhoneSimulator.ActiveCfg = Release|Any CPU
		{9C61C1D8-933F-48E4-82F2-1F4C0B1B1B7D}.Release|iPhoneSimulator.Build.0 = Release|Any CPU
		{9C61C1D8-933F-48E4-82F2-1F4C0B1B1B7D}.Release|iPhoneSimulator.Deploy.0 = Release|Any CPU
		{9C61C1D8-933F-48E4-82F2-1F4C0B1B1B7D}.Release|x64.ActiveCfg = Release|Any CPU
		{9C61C1D8-933F-48E4-82F2-1F4C0B1B1B7D}.Release|x64.Build.0 = Release|Any CPU
		{9C61C1D8-933F-48E4-82F2-1F4C0B1B1B7D}.Release|x64.Deploy.0 = Release|Any CPU
		{9C61C1D8-933F-48E4-82F2-1F4C0B1B1B7D}.Release|x86.ActiveCfg = Release|Any CPU
		{9C61C1D8-933F-48E4-82F2-1F4C0B1B1B7D}.Release|x86.Build.0 = Release|Any CPU
		{9C61C1D8-933F-48E4-82F2-1F4C0B1B1B7D}.Release|x86.Deploy.0 = Release|Any CPU
		{30592983-7C8C-4B50-A8B4-E8E0B6535EA0}.Ad-Hoc|Any CPU.ActiveCfg = Ad-Hoc|iPhone
		{30592983-7C8C-4B50-A8B4-E8E0B6535EA0}.Ad-Hoc|ARM.ActiveCfg = Ad-Hoc|iPhone
		{30592983-7C8C-4B50-A8B4-E8E0B6535EA0}.Ad-Hoc|iPhone.ActiveCfg = Ad-Hoc|iPhone
		{30592983-7C8C-4B50-A8B4-E8E0B6535EA0}.Ad-Hoc|iPhone.Build.0 = Ad-Hoc|iPhone
		{30592983-7C8C-4B50-A8B4-E8E0B6535EA0}.Ad-Hoc|iPhoneSimulator.ActiveCfg = Ad-Hoc|iPhoneSimulator
		{30592983-7C8C-4B50-A8B4-E8E0B6535EA0}.Ad-Hoc|iPhoneSimulator.Build.0 = Ad-Hoc|iPhoneSimulator
		{30592983-7C8C-4B50-A8B4-E8E0B6535EA0}.Ad-Hoc|x64.ActiveCfg = Ad-Hoc|iPhone
		{30592983-7C8C-4B50-A8B4-E8E0B6535EA0}.Ad-Hoc|x86.ActiveCfg = Ad-Hoc|iPhone
		{30592983-7C8C-4B50-A8B4-E8E0B6535EA0}.AppStore|Any CPU.ActiveCfg = AppStore|iPhone
		{30592983-7C8C-4B50-A8B4-E8E0B6535EA0}.AppStore|ARM.ActiveCfg = AppStore|iPhone
		{30592983-7C8C-4B50-A8B4-E8E0B6535EA0}.AppStore|iPhone.ActiveCfg = AppStore|iPhone
		{30592983-7C8C-4B50-A8B4-E8E0B6535EA0}.AppStore|iPhone.Build.0 = AppStore|iPhone
		{30592983-7C8C-4B50-A8B4-E8E0B6535EA0}.AppStore|iPhoneSimulator.ActiveCfg = AppStore|iPhoneSimulator
		{30592983-7C8C-4B50-A8B4-E8E0B6535EA0}.AppStore|iPhoneSimulator.Build.0 = AppStore|iPhoneSimulator
		{30592983-7C8C-4B50-A8B4-E8E0B6535EA0}.AppStore|x64.ActiveCfg = AppStore|iPhone
		{30592983-7C8C-4B50-A8B4-E8E0B6535EA0}.AppStore|x86.ActiveCfg = AppStore|iPhone
		{30592983-7C8C-4B50-A8B4-E8E0B6535EA0}.Debug|Any CPU.ActiveCfg = Debug|iPhone
		{30592983-7C8C-4B50-A8B4-E8E0B6535EA0}.Debug|ARM.ActiveCfg = Debug|iPhone
		{30592983-7C8C-4B50-A8B4-E8E0B6535EA0}.Debug|iPhone.ActiveCfg = Debug|iPhone
		{30592983-7C8C-4B50-A8B4-E8E0B6535EA0}.Debug|iPhone.Build.0 = Debug|iPhone
		{30592983-7C8C-4B50-A8B4-E8E0B6535EA0}.Debug|iPhoneSimulator.ActiveCfg = Debug|iPhoneSimulator
		{30592983-7C8C-4B50-A8B4-E8E0B6535EA0}.Debug|iPhoneSimulator.Build.0 = Debug|iPhoneSimulator
		{30592983-7C8C-4B50-A8B4-E8E0B6535EA0}.Debug|x64.ActiveCfg = Debug|iPhone
		{30592983-7C8C-4B50-A8B4-E8E0B6535EA0}.Debug|x86.ActiveCfg = Debug|iPhone
		{30592983-7C8C-4B50-A8B4-E8E0B6535EA0}.Release|Any CPU.ActiveCfg = Release|iPhone
		{30592983-7C8C-4B50-A8B4-E8E0B6535EA0}.Release|ARM.ActiveCfg = Release|iPhone
		{30592983-7C8C-4B50-A8B4-E8E0B6535EA0}.Release|iPhone.ActiveCfg = Release|iPhone
		{30592983-7C8C-4B50-A8B4-E8E0B6535EA0}.Release|iPhone.Build.0 = Release|iPhone
		{30592983-7C8C-4B50-A8B4-E8E0B6535EA0}.Release|iPhoneSimulator.ActiveCfg = Release|iPhoneSimulator
		{30592983-7C8C-4B50-A8B4-E8E0B6535EA0}.Release|iPhoneSimulator.Build.0 = Release|iPhoneSimulator
		{30592983-7C8C-4B50-A8B4-E8E0B6535EA0}.Release|x64.ActiveCfg = Release|iPhone
		{30592983-7C8C-4B50-A8B4-E8E0B6535EA0}.Release|x86.ActiveCfg = Release|iPhone
		{4EDA9387-887E-453C-828B-A7567238A97F}.Ad-Hoc|Any CPU.ActiveCfg = Release|x86
		{4EDA9387-887E-453C-828B-A7567238A97F}.Ad-Hoc|Any CPU.Build.0 = Release|x86
		{4EDA9387-887E-453C-828B-A7567238A97F}.Ad-Hoc|Any CPU.Deploy.0 = Release|x86
		{4EDA9387-887E-453C-828B-A7567238A97F}.Ad-Hoc|ARM.ActiveCfg = Release|ARM
		{4EDA9387-887E-453C-828B-A7567238A97F}.Ad-Hoc|ARM.Build.0 = Release|ARM
		{4EDA9387-887E-453C-828B-A7567238A97F}.Ad-Hoc|ARM.Deploy.0 = Release|ARM
		{4EDA9387-887E-453C-828B-A7567238A97F}.Ad-Hoc|iPhone.ActiveCfg = Release|x86
		{4EDA9387-887E-453C-828B-A7567238A97F}.Ad-Hoc|iPhone.Build.0 = Release|x86
		{4EDA9387-887E-453C-828B-A7567238A97F}.Ad-Hoc|iPhone.Deploy.0 = Release|x86
		{4EDA9387-887E-453C-828B-A7567238A97F}.Ad-Hoc|iPhoneSimulator.ActiveCfg = Release|x86
		{4EDA9387-887E-453C-828B-A7567238A97F}.Ad-Hoc|iPhoneSimulator.Build.0 = Release|x86
		{4EDA9387-887E-453C-828B-A7567238A97F}.Ad-Hoc|iPhoneSimulator.Deploy.0 = Release|x86
		{4EDA9387-887E-453C-828B-A7567238A97F}.Ad-Hoc|x64.ActiveCfg = Release|x64
		{4EDA9387-887E-453C-828B-A7567238A97F}.Ad-Hoc|x64.Build.0 = Release|x64
		{4EDA9387-887E-453C-828B-A7567238A97F}.Ad-Hoc|x64.Deploy.0 = Release|x64
		{4EDA9387-887E-453C-828B-A7567238A97F}.Ad-Hoc|x86.ActiveCfg = Release|x86
		{4EDA9387-887E-453C-828B-A7567238A97F}.Ad-Hoc|x86.Build.0 = Release|x86
		{4EDA9387-887E-453C-828B-A7567238A97F}.Ad-Hoc|x86.Deploy.0 = Release|x86
		{4EDA9387-887E-453C-828B-A7567238A97F}.AppStore|Any CPU.ActiveCfg = Release|x86
		{4EDA9387-887E-453C-828B-A7567238A97F}.AppStore|Any CPU.Build.0 = Release|x86
		{4EDA9387-887E-453C-828B-A7567238A97F}.AppStore|Any CPU.Deploy.0 = Release|x86
		{4EDA9387-887E-453C-828B-A7567238A97F}.AppStore|ARM.ActiveCfg = Release|ARM
		{4EDA9387-887E-453C-828B-A7567238A97F}.AppStore|ARM.Build.0 = Release|ARM
		{4EDA9387-887E-453C-828B-A7567238A97F}.AppStore|ARM.Deploy.0 = Release|ARM
		{4EDA9387-887E-453C-828B-A7567238A97F}.AppStore|iPhone.ActiveCfg = Release|x86
		{4EDA9387-887E-453C-828B-A7567238A97F}.AppStore|iPhone.Build.0 = Release|x86
		{4EDA9387-887E-453C-828B-A7567238A97F}.AppStore|iPhone.Deploy.0 = Release|x86
		{4EDA9387-887E-453C-828B-A7567238A97F}.AppStore|iPhoneSimulator.ActiveCfg = Release|x86
		{4EDA9387-887E-453C-828B-A7567238A97F}.AppStore|iPhoneSimulator.Build.0 = Release|x86
		{4EDA9387-887E-453C-828B-A7567238A97F}.AppStore|iPhoneSimulator.Deploy.0 = Release|x86
		{4EDA9387-887E-453C-828B-A7567238A97F}.AppStore|x64.ActiveCfg = Release|x64
		{4EDA9387-887E-453C-828B-A7567238A97F}.AppStore|x64.Build.0 = Release|x64
		{4EDA9387-887E-453C-828B-A7567238A97F}.AppStore|x64.Deploy.0 = Release|x64
		{4EDA9387-887E-453C-828B-A7567238A97F}.AppStore|x86.ActiveCfg = Release|x86
		{4EDA9387-887E-453C-828B-A7567238A97F}.AppStore|x86.Build.0 = Release|x86
		{4EDA9387-887E-453C-828B-A7567238A97F}.AppStore|x86.Deploy.0 = Release|x86
		{4EDA9387-887E-453C-828B-A7567238A97F}.Debug|Any CPU.ActiveCfg = Debug|x86
		{4EDA9387-887E-453C-828B-A7567238A97F}.Debug|Any CPU.Build.0 = Debug|x86
		{4EDA9387-887E-453C-828B-A7567238A97F}.Debug|Any CPU.Deploy.0 = Debug|x86
		{4EDA9387-887E-453C-828B-A7567238A97F}.Debug|ARM.ActiveCfg = Debug|ARM
		{4EDA9387-887E-453C-828B-A7567238A97F}.Debug|ARM.Build.0 = Debug|ARM
		{4EDA9387-887E-453C-828B-A7567238A97F}.Debug|ARM.Deploy.0 = Debug|ARM
		{4EDA9387-887E-453C-828B-A7567238A97F}.Debug|iPhone.ActiveCfg = Debug|x86
		{4EDA9387-887E-453C-828B-A7567238A97F}.Debug|iPhoneSimulator.ActiveCfg = Debug|x86
		{4EDA9387-887E-453C-828B-A7567238A97F}.Debug|x64.ActiveCfg = Debug|x64
		{4EDA9387-887E-453C-828B-A7567238A97F}.Debug|x64.Build.0 = Debug|x64
		{4EDA9387-887E-453C-828B-A7567238A97F}.Debug|x64.Deploy.0 = Debug|x64
		{4EDA9387-887E-453C-828B-A7567238A97F}.Debug|x86.ActiveCfg = Debug|x86
		{4EDA9387-887E-453C-828B-A7567238A97F}.Debug|x86.Build.0 = Debug|x86
		{4EDA9387-887E-453C-828B-A7567238A97F}.Debug|x86.Deploy.0 = Debug|x86
		{4EDA9387-887E-453C-828B-A7567238A97F}.Release|Any CPU.ActiveCfg = Release|x86
		{4EDA9387-887E-453C-828B-A7567238A97F}.Release|ARM.ActiveCfg = Release|ARM
		{4EDA9387-887E-453C-828B-A7567238A97F}.Release|ARM.Build.0 = Release|ARM
		{4EDA9387-887E-453C-828B-A7567238A97F}.Release|ARM.Deploy.0 = Release|ARM
		{4EDA9387-887E-453C-828B-A7567238A97F}.Release|iPhone.ActiveCfg = Release|x86
		{4EDA9387-887E-453C-828B-A7567238A97F}.Release|iPhoneSimulator.ActiveCfg = Release|x86
		{4EDA9387-887E-453C-828B-A7567238A97F}.Release|x64.ActiveCfg = Release|x64
		{4EDA9387-887E-453C-828B-A7567238A97F}.Release|x64.Build.0 = Release|x64
		{4EDA9387-887E-453C-828B-A7567238A97F}.Release|x64.Deploy.0 = Release|x64
		{4EDA9387-887E-453C-828B-A7567238A97F}.Release|x86.ActiveCfg = Release|x86
		{4EDA9387-887E-453C-828B-A7567238A97F}.Release|x86.Build.0 = Release|x86
		{4EDA9387-887E-453C-828B-A7567238A97F}.Release|x86.Deploy.0 = Release|x86
		{C5F80730-F44F-4478-BDAE-6634EFC2CA88}.Ad-Hoc|Any CPU.ActiveCfg = Release|Win32
		{C5F80730-F44F-4478-BDAE-6634EFC2CA88}.Ad-Hoc|Any CPU.Build.0 = Release|Win32
		{C5F80730-F44F-4478-BDAE-6634EFC2CA88}.Ad-Hoc|ARM.ActiveCfg = Release|Win32
		{C5F80730-F44F-4478-BDAE-6634EFC2CA88}.Ad-Hoc|ARM.Build.0 = Release|Win32
		{C5F80730-F44F-4478-BDAE-6634EFC2CA88}.Ad-Hoc|iPhone.ActiveCfg = Release|Win32
		{C5F80730-F44F-4478-BDAE-6634EFC2CA88}.Ad-Hoc|iPhone.Build.0 = Release|Win32
		{C5F80730-F44F-4478-BDAE-6634EFC2CA88}.Ad-Hoc|iPhoneSimulator.ActiveCfg = Release|Win32
		{C5F80730-F44F-4478-BDAE-6634EFC2CA88}.Ad-Hoc|iPhoneSimulator.Build.0 = Release|Win32
		{C5F80730-F44F-4478-BDAE-6634EFC2CA88}.Ad-Hoc|x64.ActiveCfg = Release|Win32
		{C5F80730-F44F-4478-BDAE-6634EFC2CA88}.Ad-Hoc|x64.Build.0 = Release|Win32
		{C5F80730-F44F-4478-BDAE-6634EFC2CA88}.Ad-Hoc|x86.ActiveCfg = Release|Win32
		{C5F80730-F44F-4478-BDAE-6634EFC2CA88}.Ad-Hoc|x86.Build.0 = Release|Win32
		{C5F80730-F44F-4478-BDAE-6634EFC2CA88}.AppStore|Any CPU.ActiveCfg = Release|Win32
		{C5F80730-F44F-4478-BDAE-6634EFC2CA88}.AppStore|Any CPU.Build.0 = Release|Win32
		{C5F80730-F44F-4478-BDAE-6634EFC2CA88}.AppStore|ARM.ActiveCfg = Release|Win32
		{C5F80730-F44F-4478-BDAE-6634EFC2CA88}.AppStore|ARM.Build.0 = Release|Win32
		{C5F80730-F44F-4478-BDAE-6634EFC2CA88}.AppStore|iPhone.ActiveCfg = Release|Win32
		{C5F80730-F44F-4478-BDAE-6634EFC2CA88}.AppStore|iPhone.Build.0 = Release|Win32
		{C5F80730-F44F-4478-BDAE-6634EFC2CA88}.AppStore|iPhoneSimulator.ActiveCfg = Release|Win32
		{C5F80730-F44F-4478-BDAE-6634EFC2CA88}.AppStore|iPhoneSimulator.Build.0 = Release|Win32
		{C5F80730-F44F-4478-BDAE-6634EFC2CA88}.AppStore|x64.ActiveCfg = Release|Win32
		{C5F80730-F44F-4478-BDAE-6634EFC2CA88}.AppStore|x64.Build.0 = Release|Win32
		{C5F80730-F44F-4478-BDAE-6634EFC2CA88}.AppStore|x86.ActiveCfg = Release|Win32
		{C5F80730-F44F-4478-BDAE-6634EFC2CA88}.AppStore|x86.Build.0 = Release|Win32
		{C5F80730-F44F-4478-BDAE-6634EFC2CA88}.Debug|Any CPU.ActiveCfg = Debug|Win32
		{C5F80730-F44F-4478-BDAE-6634EFC2CA88}.Debug|ARM.ActiveCfg = Debug|Win32
		{C5F80730-F44F-4478-BDAE-6634EFC2CA88}.Debug|iPhone.ActiveCfg = Debug|Win32
		{C5F80730-F44F-4478-BDAE-6634EFC2CA88}.Debug|iPhoneSimulator.ActiveCfg = Debug|Win32
		{C5F80730-F44F-4478-BDAE-6634EFC2CA88}.Debug|x64.ActiveCfg = Debug|Win32
		{C5F80730-F44F-4478-BDAE-6634EFC2CA88}.Debug|x86.ActiveCfg = Debug|Win32
		{C5F80730-F44F-4478-BDAE-6634EFC2CA88}.Debug|x86.Build.0 = Debug|Win32
		{C5F80730-F44F-4478-BDAE-6634EFC2CA88}.Release|Any CPU.ActiveCfg = Release|Win32
		{C5F80730-F44F-4478-BDAE-6634EFC2CA88}.Release|ARM.ActiveCfg = Release|Win32
		{C5F80730-F44F-4478-BDAE-6634EFC2CA88}.Release|iPhone.ActiveCfg = Release|Win32
		{C5F80730-F44F-4478-BDAE-6634EFC2CA88}.Release|iPhoneSimulator.ActiveCfg = Release|Win32
		{C5F80730-F44F-4478-BDAE-6634EFC2CA88}.Release|x64.ActiveCfg = Release|Win32
		{C5F80730-F44F-4478-BDAE-6634EFC2CA88}.Release|x86.ActiveCfg = Release|Win32
		{C5F80730-F44F-4478-BDAE-6634EFC2CA88}.Release|x86.Build.0 = Release|Win32
		{C09AA7C5-50D3-488A-8DBE-C6FA2458AFDA}.Ad-Hoc|Any CPU.ActiveCfg = Release|Win32
		{C09AA7C5-50D3-488A-8DBE-C6FA2458AFDA}.Ad-Hoc|Any CPU.Build.0 = Release|Win32
		{C09AA7C5-50D3-488A-8DBE-C6FA2458AFDA}.Ad-Hoc|ARM.ActiveCfg = Release|Win32
		{C09AA7C5-50D3-488A-8DBE-C6FA2458AFDA}.Ad-Hoc|ARM.Build.0 = Release|Win32
		{C09AA7C5-50D3-488A-8DBE-C6FA2458AFDA}.Ad-Hoc|iPhone.ActiveCfg = Release|Win32
		{C09AA7C5-50D3-488A-8DBE-C6FA2458AFDA}.Ad-Hoc|iPhone.Build.0 = Release|Win32
		{C09AA7C5-50D3-488A-8DBE-C6FA2458AFDA}.Ad-Hoc|iPhoneSimulator.ActiveCfg = Release|Win32
		{C09AA7C5-50D3-488A-8DBE-C6FA2458AFDA}.Ad-Hoc|iPhoneSimulator.Build.0 = Release|Win32
		{C09AA7C5-50D3-488A-8DBE-C6FA2458AFDA}.Ad-Hoc|x64.ActiveCfg = Release|Win32
		{C09AA7C5-50D3-488A-8DBE-C6FA2458AFDA}.Ad-Hoc|x64.Build.0 = Release|Win32
		{C09AA7C5-50D3-488A-8DBE-C6FA2458AFDA}.Ad-Hoc|x86.ActiveCfg = Release|Win32
		{C09AA7C5-50D3-488A-8DBE-C6FA2458AFDA}.Ad-Hoc|x86.Build.0 = Release|Win32
		{C09AA7C5-50D3-488A-8DBE-C6FA2458AFDA}.AppStore|Any CPU.ActiveCfg = Release|Win32
		{C09AA7C5-50D3-488A-8DBE-C6FA2458AFDA}.AppStore|Any CPU.Build.0 = Release|Win32
		{C09AA7C5-50D3-488A-8DBE-C6FA2458AFDA}.AppStore|ARM.ActiveCfg = Release|Win32
		{C09AA7C5-50D3-488A-8DBE-C6FA2458AFDA}.AppStore|ARM.Build.0 = Release|Win32
		{C09AA7C5-50D3-488A-8DBE-C6FA2458AFDA}.AppStore|iPhone.ActiveCfg = Release|Win32
		{C09AA7C5-50D3-488A-8DBE-C6FA2458AFDA}.AppStore|iPhone.Build.0 = Release|Win32
		{C09AA7C5-50D3-488A-8DBE-C6FA2458AFDA}.AppStore|iPhoneSimulator.ActiveCfg = Release|Win32
		{C09AA7C5-50D3-488A-8DBE-C6FA2458AFDA}.AppStore|iPhoneSimulator.Build.0 = Release|Win32
		{C09AA7C5-50D3-488A-8DBE-C6FA2458AFDA}.AppStore|x64.ActiveCfg = Release|Win32
		{C09AA7C5-50D3-488A-8DBE-C6FA2458AFDA}.AppStore|x64.Build.0 = Release|Win32
		{C09AA7C5-50D3-488A-8DBE-C6FA2458AFDA}.AppStore|x86.ActiveCfg = Release|Win32
		{C09AA7C5-50D3-488A-8DBE-C6FA2458AFDA}.AppStore|x86.Build.0 = Release|Win32
		{C09AA7C5-50D3-488A-8DBE-C6FA2458AFDA}.Debug|Any CPU.ActiveCfg = Debug|Win32
		{C09AA7C5-50D3-488A-8DBE-C6FA2458AFDA}.Debug|ARM.ActiveCfg = Debug|Win32
		{C09AA7C5-50D3-488A-8DBE-C6FA2458AFDA}.Debug|iPhone.ActiveCfg = Debug|Win32
		{C09AA7C5-50D3-488A-8DBE-C6FA2458AFDA}.Debug|iPhoneSimulator.ActiveCfg = Debug|Win32
		{C09AA7C5-50D3-488A-8DBE-C6FA2458AFDA}.Debug|x64.ActiveCfg = Debug|Win32
		{C09AA7C5-50D3-488A-8DBE-C6FA2458AFDA}.Debug|x86.ActiveCfg = Debug|Win32
		{C09AA7C5-50D3-488A-8DBE-C6FA2458AFDA}.Debug|x86.Build.0 = Debug|Win32
		{C09AA7C5-50D3-488A-8DBE-C6FA2458AFDA}.Release|Any CPU.ActiveCfg = Release|Win32
		{C09AA7C5-50D3-488A-8DBE-C6FA2458AFDA}.Release|ARM.ActiveCfg = Release|Win32
		{C09AA7C5-50D3-488A-8DBE-C6FA2458AFDA}.Release|iPhone.ActiveCfg = Release|Win32
		{C09AA7C5-50D3-488A-8DBE-C6FA2458AFDA}.Release|iPhoneSimulator.ActiveCfg = Release|Win32
		{C09AA7C5-50D3-488A-8DBE-C6FA2458AFDA}.Release|x64.ActiveCfg = Release|Win32
		{C09AA7C5-50D3-488A-8DBE-C6FA2458AFDA}.Release|x86.ActiveCfg = Release|Win32
		{C09AA7C5-50D3-488A-8DBE-C6FA2458AFDA}.Release|x86.Build.0 = Release|Win32
		{5F14F8BB-D3F8-47E0-B3F3-B0775B84B549}.Ad-Hoc|Any CPU.ActiveCfg = Debug|Win32
		{5F14F8BB-D3F8-47E0-B3F3-B0775B84B549}.Ad-Hoc|Any CPU.Build.0 = Debug|Win32
		{5F14F8BB-D3F8-47E0-B3F3-B0775B84B549}.Ad-Hoc|ARM.ActiveCfg = Debug|Win32
		{5F14F8BB-D3F8-47E0-B3F3-B0775B84B549}.Ad-Hoc|ARM.Build.0 = Debug|Win32
		{5F14F8BB-D3F8-47E0-B3F3-B0775B84B549}.Ad-Hoc|iPhone.ActiveCfg = Debug|Win32
		{5F14F8BB-D3F8-47E0-B3F3-B0775B84B549}.Ad-Hoc|iPhone.Build.0 = Debug|Win32
		{5F14F8BB-D3F8-47E0-B3F3-B0775B84B549}.Ad-Hoc|iPhoneSimulator.ActiveCfg = Debug|Win32
		{5F14F8BB-D3F8-47E0-B3F3-B0775B84B549}.Ad-Hoc|iPhoneSimulator.Build.0 = Debug|Win32
		{5F14F8BB-D3F8-47E0-B3F3-B0775B84B549}.Ad-Hoc|x64.ActiveCfg = Debug|Win32
		{5F14F8BB-D3F8-47E0-B3F3-B0775B84B549}.Ad-Hoc|x64.Build.0 = Debug|Win32
		{5F14F8BB-D3F8-47E0-B3F3-B0775B84B549}.Ad-Hoc|x86.ActiveCfg = Debug|Win32
		{5F14F8BB-D3F8-47E0-B3F3-B0775B84B549}.Ad-Hoc|x86.Build.0 = Debug|Win32
		{5F14F8BB-D3F8-47E0-B3F3-B0775B84B549}.AppStore|Any CPU.ActiveCfg = Debug|Win32
		{5F14F8BB-D3F8-47E0-B3F3-B0775B84B549}.AppStore|Any CPU.Build.0 = Debug|Win32
		{5F14F8BB-D3F8-47E0-B3F3-B0775B84B549}.AppStore|ARM.ActiveCfg = Debug|Win32
		{5F14F8BB-D3F8-47E0-B3F3-B0775B84B549}.AppStore|ARM.Build.0 = Debug|Win32
		{5F14F8BB-D3F8-47E0-B3F3-B0775B84B549}.AppStore|iPhone.ActiveCfg = Debug|Win32
		{5F14F8BB-D3F8-47E0-B3F3-B0775B84B549}.AppStore|iPhone.Build.0 = Debug|Win32
		{5F14F8BB-D3F8-47E0-B3F3-B0775B84B549}.AppStore|iPhoneSimulator.ActiveCfg = Debug|Win32
		{5F14F8BB-D3F8-47E0-B3F3-B0775B84B549}.AppStore|iPhoneSimulator.Build.0 = Debug|Win32
		{5F14F8BB-D3F8-47E0-B3F3-B0775B84B549}.AppStore|x64.ActiveCfg = Debug|Win32
		{5F14F8BB-D3F8-47E0-B3F3-B0775B84B549}.AppStore|x64.Build.0 = Debug|Win32
		{5F14F8BB-D3F8-47E0-B3F3-B0775B84B549}.AppStore|x86.ActiveCfg = Debug|Win32
		{5F14F8BB-D3F8-47E0-B3F3-B0775B84B549}.AppStore|x86.Build.0 = Debug|Win32
		{5F14F8BB-D3F8-47E0-B3F3-B0775B84B549}.Debug|Any CPU.ActiveCfg = Debug|Win32
		{5F14F8BB-D3F8-47E0-B3F3-B0775B84B549}.Debug|ARM.ActiveCfg = Debug|Win32
		{5F14F8BB-D3F8-47E0-B3F3-B0775B84B549}.Debug|iPhone.ActiveCfg = Debug|Win32
		{5F14F8BB-D3F8-47E0-B3F3-B0775B84B549}.Debug|iPhoneSimulator.ActiveCfg = Debug|Win32
		{5F14F8BB-D3F8-47E0-B3F3-B0775B84B549}.Debug|x64.ActiveCfg = Debug|Win32
		{5F14F8BB-D3F8-47E0-B3F3-B0775B84B549}.Debug|x86.ActiveCfg = Debug|Win32
		{5F14F8BB-D3F8-47E0-B3F3-B0775B84B549}.Debug|x86.Build.0 = Debug|Win32
		{5F14F8BB-D3F8-47E0-B3F3-B0775B84B549}.Release|Any CPU.ActiveCfg = Release|Win32
		{5F14F8BB-D3F8-47E0-B3F3-B0775B84B549}.Release|ARM.ActiveCfg = Release|Win32
		{5F14F8BB-D3F8-47E0-B3F3-B0775B84B549}.Release|iPhone.ActiveCfg = Release|Win32
		{5F14F8BB-D3F8-47E0-B3F3-B0775B84B549}.Release|iPhoneSimulator.ActiveCfg = Release|Win32
		{5F14F8BB-D3F8-47E0-B3F3-B0775B84B549}.Release|x64.ActiveCfg = Release|Win32
		{5F14F8BB-D3F8-47E0-B3F3-B0775B84B549}.Release|x86.ActiveCfg = Release|Win32
		{5F14F8BB-D3F8-47E0-B3F3-B0775B84B549}.Release|x86.Build.0 = Release|Win32
	EndGlobalSection
	GlobalSection(SolutionProperties) = preSolution
		HideSolutionNode = FALSE
	EndGlobalSection
	GlobalSection(ExtensibilityGlobals) = postSolution
		SolutionGuid = {3DED7E19-B72C-44E4-8EC2-677991CC9F8C}
	EndGlobalSection
EndGlobal
